
Microsoft Visual Studio Solution File, Format Version 12.00
# Visual Studio Version 17
VisualStudioVersion = 17.5.2.0
MinimumVisualStudioVersion = 10.0.40219.1
Project("{FAE04EC0-301F-11D3-BF4B-00C04F79EFBC}") = "Template.Models", "Template.Models\Template.Models.csproj", "{A1B2C3D4-1111-2222-3333-111111111111}"
EndProject
Project("{FAE04EC0-301F-11D3-BF4B-00C04F79EFBC}") = "Template.Repository", "Template.Repository\Template.Repository.csproj", "{A1B2C3D4-2222-3333-4444-222222222222}"
EndProject
Project("{FAE04EC0-301F-11D3-BF4B-00C04F79EFBC}") = "Template.Services", "Template.Services\Template.Services.csproj", "{A1B2C3D4-3333-4444-5555-333333333333}"
EndProject
Project("{FAE04EC0-301F-11D3-BF4B-00C04F79EFBC}") = "Template.Api", "Template.Api\Template.Api.csproj", "{A1B2C3D4-4444-5555-6666-444444444444}"
EndProject
Project("{FAE04EC0-301F-11D3-BF4B-00C04F79EFBC}") = "TemplateApi.Tests", "TemplateApi.Unittests\TemplateApi.Tests.csproj", "{9FAD6C82-0F1D-4618-A20D-E707BA5005C7}"
EndProject
Global
	GlobalSection(SolutionConfigurationPlatforms) = preSolution
		Debug|Any CPU = Debug|Any CPU
		Debug|x64 = Debug|x64
		Debug|x86 = Debug|x86
		Release|Any CPU = Release|Any CPU
		Release|x64 = Release|x64
		Release|x86 = Release|x86
	EndGlobalSection
	GlobalSection(ProjectConfigurationPlatforms) = postSolution
		{A1B2C3D4-1111-2222-3333-111111111111}.Debug|Any CPU.ActiveCfg = Debug|Any CPU
		{A1B2C3D4-1111-2222-3333-111111111111}.Debug|Any CPU.Build.0 = Debug|Any CPU
		{A1B2C3D4-1111-2222-3333-111111111111}.Debug|x64.ActiveCfg = Debug|Any CPU
		{A1B2C3D4-1111-2222-3333-111111111111}.Debug|x64.Build.0 = Debug|Any CPU
		{A1B2C3D4-1111-2222-3333-111111111111}.Debug|x86.ActiveCfg = Debug|Any CPU
		{A1B2C3D4-1111-2222-3333-111111111111}.Debug|x86.Build.0 = Debug|Any CPU
		{A1B2C3D4-1111-2222-3333-111111111111}.Release|Any CPU.ActiveCfg = Release|Any CPU
		{A1B2C3D4-1111-2222-3333-111111111111}.Release|Any CPU.Build.0 = Release|Any CPU
		{A1B2C3D4-1111-2222-3333-111111111111}.Release|x64.ActiveCfg = Release|Any CPU
		{A1B2C3D4-1111-2222-3333-111111111111}.Release|x64.Build.0 = Release|Any CPU
		{A1B2C3D4-1111-2222-3333-111111111111}.Release|x86.ActiveCfg = Release|Any CPU
		{A1B2C3D4-1111-2222-3333-111111111111}.Release|x86.Build.0 = Release|Any CPU
		{A1B2C3D4-2222-3333-4444-222222222222}.Debug|Any CPU.ActiveCfg = Debug|Any CPU
		{A1B2C3D4-2222-3333-4444-222222222222}.Debug|Any CPU.Build.0 = Debug|Any CPU
		{A1B2C3D4-2222-3333-4444-222222222222}.Debug|x64.ActiveCfg = Debug|Any CPU
		{A1B2C3D4-2222-3333-4444-222222222222}.Debug|x64.Build.0 = Debug|Any CPU
		{A1B2C3D4-2222-3333-4444-222222222222}.Debug|x86.ActiveCfg = Debug|Any CPU
		{A1B2C3D4-2222-3333-4444-222222222222}.Debug|x86.Build.0 = Debug|Any CPU
		{A1B2C3D4-2222-3333-4444-222222222222}.Release|Any CPU.ActiveCfg = Release|Any CPU
		{A1B2C3D4-2222-3333-4444-222222222222}.Release|Any CPU.Build.0 = Release|Any CPU
		{A1B2C3D4-2222-3333-4444-222222222222}.Release|x64.ActiveCfg = Release|Any CPU
		{A1B2C3D4-2222-3333-4444-222222222222}.Release|x64.Build.0 = Release|Any CPU
		{A1B2C3D4-2222-3333-4444-222222222222}.Release|x86.ActiveCfg = Release|Any CPU
		{A1B2C3D4-2222-3333-4444-222222222222}.Release|x86.Build.0 = Release|Any CPU
		{A1B2C3D4-3333-4444-5555-333333333333}.Debug|Any CPU.ActiveCfg = Debug|Any CPU
		{A1B2C3D4-3333-4444-5555-333333333333}.Debug|Any CPU.Build.0 = Debug|Any CPU
		{A1B2C3D4-3333-4444-5555-333333333333}.Debug|x64.ActiveCfg = Debug|Any CPU
		{A1B2C3D4-3333-4444-5555-333333333333}.Debug|x64.Build.0 = Debug|Any CPU
		{A1B2C3D4-3333-4444-5555-333333333333}.Debug|x86.ActiveCfg = Debug|Any CPU
		{A1B2C3D4-3333-4444-5555-333333333333}.Debug|x86.Build.0 = Debug|Any CPU
		{A1B2C3D4-3333-4444-5555-333333333333}.Release|Any CPU.ActiveCfg = Release|Any CPU
		{A1B2C3D4-3333-4444-5555-333333333333}.Release|Any CPU.Build.0 = Release|Any CPU
		{A1B2C3D4-3333-4444-5555-333333333333}.Release|x64.ActiveCfg = Release|Any CPU
		{A1B2C3D4-3333-4444-5555-333333333333}.Release|x64.Build.0 = Release|Any CPU
		{A1B2C3D4-3333-4444-5555-333333333333}.Release|x86.ActiveCfg = Release|Any CPU
		{A1B2C3D4-3333-4444-5555-333333333333}.Release|x86.Build.0 = Release|Any CPU
		{A1B2C3D4-4444-5555-6666-444444444444}.Debug|Any CPU.ActiveCfg = Debug|Any CPU
		{A1B2C3D4-4444-5555-6666-444444444444}.Debug|Any CPU.Build.0 = Debug|Any CPU
		{A1B2C3D4-4444-5555-6666-444444444444}.Debug|x64.ActiveCfg = Debug|Any CPU
		{A1B2C3D4-4444-5555-6666-444444444444}.Debug|x64.Build.0 = Debug|Any CPU
		{A1B2C3D4-4444-5555-6666-444444444444}.Debug|x86.ActiveCfg = Debug|Any CPU
		{A1B2C3D4-4444-5555-6666-444444444444}.Debug|x86.Build.0 = Debug|Any CPU
		{A1B2C3D4-4444-5555-6666-444444444444}.Release|Any CPU.ActiveCfg = Release|Any CPU
		{A1B2C3D4-4444-5555-6666-444444444444}.Release|Any CPU.Build.0 = Release|Any CPU
		{A1B2C3D4-4444-5555-6666-444444444444}.Release|x64.ActiveCfg = Release|Any CPU
		{A1B2C3D4-4444-5555-6666-444444444444}.Release|x64.Build.0 = Release|Any CPU
		{A1B2C3D4-4444-5555-6666-444444444444}.Release|x86.ActiveCfg = Release|Any CPU
		{A1B2C3D4-4444-5555-6666-444444444444}.Release|x86.Build.0 = Release|Any CPU
		{9FAD6C82-0F1D-4618-A20D-E707BA5005C7}.Debug|Any CPU.ActiveCfg = Debug|Any CPU
		{9FAD6C82-0F1D-4618-A20D-E707BA5005C7}.Debug|Any CPU.Build.0 = Debug|Any CPU
		{9FAD6C82-0F1D-4618-A20D-E707BA5005C7}.Debug|x64.ActiveCfg = Debug|Any CPU
		{9FAD6C82-0F1D-4618-A20D-E707BA5005C7}.Debug|x64.Build.0 = Debug|Any CPU
		{9FAD6C82-0F1D-4618-A20D-E707BA5005C7}.Debug|x86.ActiveCfg = Debug|Any CPU
		{9FAD6C82-0F1D-4618-A20D-E707BA5005C7}.Debug|x86.Build.0 = Debug|Any CPU
		{9FAD6C82-0F1D-4618-A20D-E707BA5005C7}.Release|Any CPU.ActiveCfg = Release|Any CPU
		{9FAD6C82-0F1D-4618-A20D-E707BA5005C7}.Release|Any CPU.Build.0 = Release|Any CPU
		{9FAD6C82-0F1D-4618-A20D-E707BA5005C7}.Release|x64.ActiveCfg = Release|Any CPU
		{9FAD6C82-0F1D-4618-A20D-E707BA5005C7}.Release|x64.Build.0 = Release|Any CPU
		{9FAD6C82-0F1D-4618-A20D-E707BA5005C7}.Release|x86.ActiveCfg = Release|Any CPU
		{9FAD6C82-0F1D-4618-A20D-E707BA5005C7}.Release|x86.Build.0 = Release|Any CPU
	EndGlobalSection
	GlobalSection(SolutionProperties) = preSolution
		HideSolutionNode = FALSE
	EndGlobalSection
	GlobalSection(ExtensibilityGlobals) = postSolution
		SolutionGuid = {EBAC85D5-357C-429B-A1B3-499E804F9474}
	EndGlobalSection
EndGlobal
